
Microsoft Visual Studio Solution File, Format Version 12.00
# Visual Studio Version 17
VisualStudioVersion = 17.14.36109.1 d17.14
MinimumVisualStudioVersion = 10.0.40219.1
Project("{FAE04EC0-301F-11D3-BF4B-00C04F79EFBC}") = "LawDemo", "LawDemo\LawDemo.csproj", "{BB39916E-6A0F-4A3D-8891-AE8EBA40193F}"
EndProject
Global
	GlobalSection(SolutionConfigurationPlatforms) = preSolution
		Debug|Any CPU = Debug|Any CPU
		Release|Any CPU = Release|Any CPU
	EndGlobalSection
	GlobalSection(ProjectConfigurationPlatforms) = postSolution
		{BB39916E-6A0F-4A3D-8891-AE8EBA40193F}.Debug|Any CPU.ActiveCfg = Debug|Any CPU
		{BB39916E-6A0F-4A3D-8891-AE8EBA40193F}.Debug|Any CPU.Build.0 = Debug|Any CPU
		{BB39916E-6A0F-4A3D-8891-AE8EBA40193F}.Release|Any CPU.ActiveCfg = Release|Any CPU
		{BB39916E-6A0F-4A3D-8891-AE8EBA40193F}.Release|Any CPU.Build.0 = Release|Any CPU
	EndGlobalSection
	GlobalSection(SolutionProperties) = preSolution
		HideSolutionNode = FALSE
	EndGlobalSection
	GlobalSection(ExtensibilityGlobals) = postSolution
		SolutionGuid = {684A0A48-6A34-4F51-9487-4D99C7BC45C5}
	EndGlobalSection
EndGlobal
